{
  "name": "journal-roundup",
  "lockfileVersion": 3,
  "requires": true,
  "packages": {
    "": {
      "name": "journal-roundup",
      "devDependencies": {
        "@fontsource/caveat": "^5.2.5",
        "@fontsource/courier-prime": "^5.2.5",
        "@fontsource/crimson-pro": "^5.2.5",
        "playwright-core": "^1.63.0"
      }
    },
    "node_modules/@fontsource/caveat": {
      "version": "5.3.0",
      "resolved": "https://registry.npmjs.org/@fontsource/caveat/-/caveat-5.3.0.tgz",
      "integrity": "sha512-eHTfzQxFSW9ABERRLNruHoNJmKed2J7pqTUc5lp4a4POMgXGKpxmWj3d9Hz10kmAg6iuTTLe6UagbA4bnsmfQw==",
      "dev": true,
      "license": "OFL-1.1",
      "funding": {
        "url": "https://github.com/sponsors/ayuhito"
      }
    },
    "node_modules/@fontsource/courier-prime": {
      "version": "5.3.0",
      "resolved": "https://registry.npmjs.org/@fontsource/courier-prime/-/courier-prime-5.3.0.tgz",
      "integrity": "sha512-KIi1k4VG1Wv+/CGpb1AUpLkUuOAQA6zmvthqxOZGN0AV8BEgQgbK7qAtquv14zsBJAY1bb5BHIEbWVFLgENh0w==",
      "dev": true,
      "license": "OFL-1.1",
      "funding": {
        "url": "https://github.com/sponsors/ayuhito"
      }
    },
    "node_modules/@fontsource/crimson-pro": {
      "version": "5.3.0",
      "resolved": "https://registry.npmjs.org/@fontsource/crimson-pro/-/crimson-pro-5.3.0.tgz",
      "integrity": "sha512-PXQH0NGma2wwskZAySBH+s/ezAYBwyDH0I4oRURBu9u81nNUCm5DcNCJaUS9H0UR1y8qlslLfVRU6mnDBpffrA==",
      "dev": true,
      "license": "OFL-1.1",
      "funding": {
        "url": "https://github.com/sponsors/ayuhito"
      }
    },
    "node_modules/playwright-core": {
      "version": "1.63.0",
      "resolved": "https://registry.npmjs.org/playwright-core/-/playwright-core-1.63.0.tgz",
      "integrity": "sha512-rYCsBF/M5HjUch52bbtVONEFjv6Xu8sm8h72dNlR5bzIE1fvC/bxgspzkjSfU+MweEMmPM8KJebG6nnyxo5mCg==",
      "dev": true,
      "license": "Apache-2.0",
      "bin": {
        "playwright-core": "cli.js"
      },
      "engines": {
        "node": ">=20"
      }
    }
  }
}
